Microsoft Visual Studio Solution File, Format Version 12.00
# Visual Studio Version 17
VisualStudioVersion = 17.0.32014.148
MinimumVisualStudioVersion = 15.0.26124.0
Project("{2150E333-8FDC-42A3-9474-1A3956D46DE8}") = "Solution Items", "Solution Items", "{120041D7-3CC3-44EC-92DA-FBBB6970DCF2}"
	ProjectSection(SolutionItems) = preProject
		Directory.Build.props = Directory.Build.props
		README.md = README.md
	EndProjectSection
EndProject
Project("{9A19103F-16F7-4668-BE54-9A1E7A4F7556}") = "MBW.HassMQTT", "MBW.HassMQTT\MBW.HassMQTT.csproj", "{C1D2CE65-8FC4-4BE3-84DF-1B80FD9A01AA}"
EndProject
Project("{9A19103F-16F7-4668-BE54-9A1E7A4F7556}") = "MBW.HassMQTT.DiscoveryModels", "MBW.HassMQTT.DiscoveryModels\MBW.HassMQTT.DiscoveryModels.csproj", "{74C7154F-8BC0-483E-BB8B-2DE45E4B2C65}"
EndProject
Project("{9A19103F-16F7-4668-BE54-9A1E7A4F7556}") = "MBW.HassMQTT.Abstracts", "MBW.HassMQTT.Abstracts\MBW.HassMQTT.Abstracts.csproj", "{E9C5BE1F-93D3-4A76-A174-FE3E99718209}"
EndProject
Project("{9A19103F-16F7-4668-BE54-9A1E7A4F7556}") = "MBW.HassMQTT.CommonServices", "MBW.HassMQTT.CommonServices\MBW.HassMQTT.CommonServices.csproj", "{A2D211E9-0770-4A46-868C-40239A7A5F4A}"
EndProject
Project("{2150E333-8FDC-42A3-9474-1A3956D46DE8}") = "_Imports", "_Imports", "{97FF5073-E307-4E9D-A437-3021A246F467}"
	ProjectSection(SolutionItems) = preProject
		_Imports\Local.targets = _Imports\Local.targets
		_Imports\Test.targets = _Imports\Test.targets
	EndProjectSection
EndProject
Project("{9A19103F-16F7-4668-BE54-9A1E7A4F7556}") = "MBW.HassMQTT.SourceGenerators", "MBW.HassMQTT.SourceGenerators\MBW.HassMQTT.SourceGenerators.csproj", "{F144ACC8-5018-4AE8-BCE9-68038F086FC7}"
EndProject
Project("{9A19103F-16F7-4668-BE54-9A1E7A4F7556}") = "MBW.HassMQTT.Tests", "MBW.HassMQTT.Tests\MBW.HassMQTT.Tests.csproj", "{B1E6CA78-4240-425F-A655-3E48B7A16CDD}"
EndProject
Global
	GlobalSection(SolutionConfigurationPlatforms) = preSolution
		Debug|Any CPU = Debug|Any CPU
		Debug|x64 = Debug|x64
		Debug|x86 = Debug|x86
		Release|Any CPU = Release|Any CPU
		Release|x64 = Release|x64
		Release|x86 = Release|x86
	EndGlobalSection
	GlobalSection(ProjectConfigurationPlatforms) = postSolution
		{C1D2CE65-8FC4-4BE3-84DF-1B80FD9A01AA}.Debug|Any CPU.ActiveCfg = Debug|Any CPU
		{C1D2CE65-8FC4-4BE3-84DF-1B80FD9A01AA}.Debug|Any CPU.Build.0 = Debug|Any CPU
		{C1D2CE65-8FC4-4BE3-84DF-1B80FD9A01AA}.Debug|x64.ActiveCfg = Debug|Any CPU
		{C1D2CE65-8FC4-4BE3-84DF-1B80FD9A01AA}.Debug|x64.Build.0 = Debug|Any CPU
		{C1D2CE65-8FC4-4BE3-84DF-1B80FD9A01AA}.Debug|x86.ActiveCfg = Debug|Any CPU
		{C1D2CE65-8FC4-4BE3-84DF-1B80FD9A01AA}.Debug|x86.Build.0 = Debug|Any CPU
		{C1D2CE65-8FC4-4BE3-84DF-1B80FD9A01AA}.Release|Any CPU.ActiveCfg = Release|Any CPU
		{C1D2CE65-8FC4-4BE3-84DF-1B80FD9A01AA}.Release|Any CPU.Build.0 = Release|Any CPU
		{C1D2CE65-8FC4-4BE3-84DF-1B80FD9A01AA}.Release|x64.ActiveCfg = Release|Any CPU
		{C1D2CE65-8FC4-4BE3-84DF-1B80FD9A01AA}.Release|x64.Build.0 = Release|Any CPU
		{C1D2CE65-8FC4-4BE3-84DF-1B80FD9A01AA}.Release|x86.ActiveCfg = Release|Any CPU
		{C1D2CE65-8FC4-4BE3-84DF-1B80FD9A01AA}.Release|x86.Build.0 = Release|Any CPU
		{74C7154F-8BC0-483E-BB8B-2DE45E4B2C65}.Debug|Any CPU.ActiveCfg = Debug|Any CPU
		{74C7154F-8BC0-483E-BB8B-2DE45E4B2C65}.Debug|Any CPU.Build.0 = Debug|Any CPU
		{74C7154F-8BC0-483E-BB8B-2DE45E4B2C65}.Debug|x64.ActiveCfg = Debug|Any CPU
		{74C7154F-8BC0-483E-BB8B-2DE45E4B2C65}.Debug|x64.Build.0 = Debug|Any CPU
		{74C7154F-8BC0-483E-BB8B-2DE45E4B2C65}.Debug|x86.ActiveCfg = Debug|Any CPU
		{74C7154F-8BC0-483E-BB8B-2DE45E4B2C65}.Debug|x86.Build.0 = Debug|Any CPU
		{74C7154F-8BC0-483E-BB8B-2DE45E4B2C65}.Release|Any CPU.ActiveCfg = Release|Any CPU
		{74C7154F-8BC0-483E-BB8B-2DE45E4B2C65}.Release|Any CPU.Build.0 = Release|Any CPU
		{74C7154F-8BC0-483E-BB8B-2DE45E4B2C65}.Release|x64.ActiveCfg = Release|Any CPU
		{74C7154F-8BC0-483E-BB8B-2DE45E4B2C65}.Release|x64.Build.0 = Release|Any CPU
		{74C7154F-8BC0-483E-BB8B-2DE45E4B2C65}.Release|x86.ActiveCfg = Release|Any CPU
		{74C7154F-8BC0-483E-BB8B-2DE45E4B2C65}.Release|x86.Build.0 = Release|Any CPU
		{E9C5BE1F-93D3-4A76-A174-FE3E99718209}.Debug|Any CPU.ActiveCfg = Debug|Any CPU
		{E9C5BE1F-93D3-4A76-A174-FE3E99718209}.Debug|Any CPU.Build.0 = Debug|Any CPU
		{E9C5BE1F-93D3-4A76-A174-FE3E99718209}.Debug|x64.ActiveCfg = Debug|Any CPU
		{E9C5BE1F-93D3-4A76-A174-FE3E99718209}.Debug|x64.Build.0 = Debug|Any CPU
		{E9C5BE1F-93D3-4A76-A174-FE3E99718209}.Debug|x86.ActiveCfg = Debug|Any CPU
		{E9C5BE1F-93D3-4A76-A174-FE3E99718209}.Debug|x86.Build.0 = Debug|Any CPU
		{E9C5BE1F-93D3-4A76-A174-FE3E99718209}.Release|Any CPU.ActiveCfg = Release|Any CPU
		{E9C5BE1F-93D3-4A76-A174-FE3E99718209}.Release|Any CPU.Build.0 = Release|Any CPU
		{E9C5BE1F-93D3-4A76-A174-FE3E99718209}.Release|x64.ActiveCfg = Release|Any CPU
		{E9C5BE1F-93D3-4A76-A174-FE3E99718209}.Release|x64.Build.0 = Release|Any CPU
		{E9C5BE1F-93D3-4A76-A174-FE3E99718209}.Release|x86.ActiveCfg = Release|Any CPU
		{E9C5BE1F-93D3-4A76-A174-FE3E99718209}.Release|x86.Build.0 = Release|Any CPU
		{A2D211E9-0770-4A46-868C-40239A7A5F4A}.Debug|Any CPU.ActiveCfg = Debug|Any CPU
		{A2D211E9-0770-4A46-868C-40239A7A5F4A}.Debug|Any CPU.Build.0 = Debug|Any CPU
		{A2D211E9-0770-4A46-868C-40239A7A5F4A}.Debug|x64.ActiveCfg = Debug|Any CPU
		{A2D211E9-0770-4A46-868C-40239A7A5F4A}.Debug|x64.Build.0 = Debug|Any CPU
		{A2D211E9-0770-4A46-868C-40239A7A5F4A}.Debug|x86.ActiveCfg = Debug|Any CPU
		{A2D211E9-0770-4A46-868C-40239A7A5F4A}.Debug|x86.Build.0 = Debug|Any CPU
		{A2D211E9-0770-4A46-868C-40239A7A5F4A}.Release|Any CPU.ActiveCfg = Release|Any CPU
		{A2D211E9-0770-4A46-868C-40239A7A5F4A}.Release|Any CPU.Build.0 = Release|Any CPU
		{A2D211E9-0770-4A46-868C-40239A7A5F4A}.Release|x64.ActiveCfg = Release|Any CPU
		{A2D211E9-0770-4A46-868C-40239A7A5F4A}.Release|x64.Build.0 = Release|Any CPU
		{A2D211E9-0770-4A46-868C-40239A7A5F4A}.Release|x86.ActiveCfg = Release|Any CPU
		{A2D211E9-0770-4A46-868C-40239A7A5F4A}.Release|x86.Build.0 = Release|Any CPU
		{F144ACC8-5018-4AE8-BCE9-68038F086FC7}.Debug|Any CPU.ActiveCfg = Debug|Any CPU
		{F144ACC8-5018-4AE8-BCE9-68038F086FC7}.Debug|Any CPU.Build.0 = Debug|Any CPU
		{F144ACC8-5018-4AE8-BCE9-68038F086FC7}.Debug|x64.ActiveCfg = Debug|Any CPU
		{F144ACC8-5018-4AE8-BCE9-68038F086FC7}.Debug|x64.Build.0 = Debug|Any CPU
		{F144ACC8-5018-4AE8-BCE9-68038F086FC7}.Debug|x86.ActiveCfg = Debug|Any CPU
		{F144ACC8-5018-4AE8-BCE9-68038F086FC7}.Debug|x86.Build.0 = Debug|Any CPU
		{F144ACC8-5018-4AE8-BCE9-68038F086FC7}.Release|Any CPU.ActiveCfg = Release|Any CPU
		{F144ACC8-5018-4AE8-BCE9-68038F086FC7}.Release|Any CPU.Build.0 = Release|Any CPU
		{F144ACC8-5018-4AE8-BCE9-68038F086FC7}.Release|x64.ActiveCfg = Release|Any CPU
		{F144ACC8-5018-4AE8-BCE9-68038F086FC7}.Release|x64.Build.0 = Release|Any CPU
		{F144ACC8-5018-4AE8-BCE9-68038F086FC7}.Release|x86.ActiveCfg = Release|Any CPU
		{F144ACC8-5018-4AE8-BCE9-68038F086FC7}.Release|x86.Build.0 = Release|Any CPU
		{B1E6CA78-4240-425F-A655-3E48B7A16CDD}.Debug|Any CPU.ActiveCfg = Debug|Any CPU
		{B1E6CA78-4240-425F-A655-3E48B7A16CDD}.Debug|Any CPU.Build.0 = Debug|Any CPU
		{B1E6CA78-4240-425F-A655-3E48B7A16CDD}.Debug|x64.ActiveCfg = Debug|Any CPU
		{B1E6CA78-4240-425F-A655-3E48B7A16CDD}.Debug|x64.Build.0 = Debug|Any CPU
		{B1E6CA78-4240-425F-A655-3E48B7A16CDD}.Debug|x86.ActiveCfg = Debug|Any CPU
		{B1E6CA78-4240-425F-A655-3E48B7A16CDD}.Debug|x86.Build.0 = Debug|Any CPU
		{B1E6CA78-4240-425F-A655-3E48B7A16CDD}.Release|Any CPU.ActiveCfg = Release|Any CPU
		{B1E6CA78-4240-425F-A655-3E48B7A16CDD}.Release|Any CPU.Build.0 = Release|Any CPU
		{B1E6CA78-4240-425F-A655-3E48B7A16CDD}.Release|x64.ActiveCfg = Release|Any CPU
		{B1E6CA78-4240-425F-A655-3E48B7A16CDD}.Release|x64.Build.0 = Release|Any CPU
		{B1E6CA78-4240-425F-A655-3E48B7A16CDD}.Release|x86.ActiveCfg = Release|Any CPU
		{B1E6CA78-4240-425F-A655-3E48B7A16CDD}.Release|x86.Build.0 = Release|Any CPU
	EndGlobalSection
	GlobalSection(SolutionProperties) = preSolution
		HideSolutionNode = FALSE
	EndGlobalSection
	GlobalSection(NestedProjects) = preSolution
		{97FF5073-E307-4E9D-A437-3021A246F467} = {120041D7-3CC3-44EC-92DA-FBBB6970DCF2}
	EndGlobalSection
	GlobalSection(ExtensibilityGlobals) = postSolution
		SolutionGuid = {0D9E1751-0BE8-4E7E-8F42-FDC69239F41D}
	EndGlobalSection
EndGlobal
